
Microsoft Visual Studio Solution File, Format Version 12.00
# Visual Studio 14
VisualStudioVersion = 14.0.25420.1
MinimumVisualStudioVersion = 10.0.40219.1
Project("{FAE04EC0-301F-11D3-BF4B-00C04F79EFBC}") = "ToDoListApp.WebApi", "ToDoListApp.WebApi\ToDoListApp.WebApi.csproj", "{24DB4530-D368-42F7-9145-2EE41E44F15E}"
EndProject
Project("{FAE04EC0-301F-11D3-BF4B-00C04F79EFBC}") = "ToDoListApp.Tests", "ToDoListApp.Tests\ToDoListApp.Tests.csproj", "{EAAE1716-2C0A-4A40-934A-CA0706ADBFE3}"
EndProject
Project("{FAE04EC0-301F-11D3-BF4B-00C04F79EFBC}") = "ToDoListApp.Core", "ToDoListApp.Core\ToDoListApp.Core.csproj", "{A18BFB53-B0C2-4A7F-9AA3-3F3E3B30901B}"
EndProject
Project("{FAE04EC0-301F-11D3-BF4B-00C04F79EFBC}") = "ToDoListApp.Infrastructure", "ToDoListApp.Infrastructure\ToDoListApp.Infrastructure.csproj", "{F8905C53-734B-4FC3-85E4-B86848F821CA}"
EndProject
Project("{FAE04EC0-301F-11D3-BF4B-00C04F79EFBC}") = "ToDoListApp.WebSite", "ToDoListApp.WebSite\ToDoListApp.WebSite.csproj", "{541FC88A-AD01-4487-9923-3B887DE7A618}"
EndProject
Global
	GlobalSection(SolutionConfigurationPlatforms) = preSolution
		Debug|Any CPU = Debug|Any CPU
		Release|Any CPU = Release|Any CPU
	EndGlobalSection
	GlobalSection(ProjectConfigurationPlatforms) = postSolution
		{24DB4530-D368-42F7-9145-2EE41E44F15E}.Debug|Any CPU.ActiveCfg = Debug|Any CPU
		{24DB4530-D368-42F7-9145-2EE41E44F15E}.Debug|Any CPU.Build.0 = Debug|Any CPU
		{24DB4530-D368-42F7-9145-2EE41E44F15E}.Release|Any CPU.ActiveCfg = Release|Any CPU
		{24DB4530-D368-42F7-9145-2EE41E44F15E}.Release|Any CPU.Build.0 = Release|Any CPU
		{EAAE1716-2C0A-4A40-934A-CA0706ADBFE3}.Debug|Any CPU.ActiveCfg = Debug|Any CPU
		{EAAE1716-2C0A-4A40-934A-CA0706ADBFE3}.Debug|Any CPU.Build.0 = Debug|Any CPU
		{EAAE1716-2C0A-4A40-934A-CA0706ADBFE3}.Release|Any CPU.ActiveCfg = Release|Any CPU
		{EAAE1716-2C0A-4A40-934A-CA0706ADBFE3}.Release|Any CPU.Build.0 = Release|Any CPU
		{A18BFB53-B0C2-4A7F-9AA3-3F3E3B30901B}.Debug|Any CPU.ActiveCfg = Debug|Any CPU
		{A18BFB53-B0C2-4A7F-9AA3-3F3E3B30901B}.Debug|Any CPU.Build.0 = Debug|Any CPU
		{A18BFB53-B0C2-4A7F-9AA3-3F3E3B30901B}.Release|Any CPU.ActiveCfg = Release|Any CPU
		{A18BFB53-B0C2-4A7F-9AA3-3F3E3B30901B}.Release|Any CPU.Build.0 = Release|Any CPU
		{F8905C53-734B-4FC3-85E4-B86848F821CA}.Debug|Any CPU.ActiveCfg = Debug|Any CPU
		{F8905C53-734B-4FC3-85E4-B86848F821CA}.Debug|Any CPU.Build.0 = Debug|Any CPU
		{F8905C53-734B-4FC3-85E4-B86848F821CA}.Release|Any CPU.ActiveCfg = Release|Any CPU
		{F8905C53-734B-4FC3-85E4-B86848F821CA}.Release|Any CPU.Build.0 = Release|Any CPU
		{541FC88A-AD01-4487-9923-3B887DE7A618}.Debug|Any CPU.ActiveCfg = Debug|Any CPU
		{541FC88A-AD01-4487-9923-3B887DE7A618}.Debug|Any CPU.Build.0 = Debug|Any CPU
		{541FC88A-AD01-4487-9923-3B887DE7A618}.Release|Any CPU.ActiveCfg = Release|Any CPU
		{541FC88A-AD01-4487-9923-3B887DE7A618}.Release|Any CPU.Build.0 = Release|Any CPU
	EndGlobalSection
	GlobalSection(SolutionProperties) = preSolution
		HideSolutionNode = FALSE
	EndGlobalSection
EndGlobal
